// !$*UTF8*$!
{
	archiveVersion = 1;
	classes = {
	};
	objectVersion = 50;
	objects = {

/* Begin PBXBuildFile section */
		14FE776826B090A500216D50 /* AppDelegate.swift in Sources */ = {isa = PBXBuildFile; fileRef = 14FE776726B090A500216D50 /* AppDelegate.swift */; };
		14FE776A26B090A500216D50 /* SceneDelegate.swift in Sources */ = {isa = PBXBuildFile; fileRef = 14FE776926B090A500216D50 /* SceneDelegate.swift */; };
		14FE776F26B090A500216D50 /* Main.storyboard in Resources */ = {isa = PBXBuildFile; fileRef = 14FE776D26B090A500216D50 /* Main.storyboard */; };
		14FE777126B090A900216D50 /* Assets.xcassets in Resources */ = {isa = PBXBuildFile; fileRef = 14FE777026B090A900216D50 /* Assets.xcassets */; };
		14FE777426B090A900216D50 /* LaunchScreen.storyboard in Resources */ = {isa = PBXBuildFile; fileRef = 14FE777226B090A900216D50 /* LaunchScreen.storyboard */; };
		14FE778526B0920800216D50 /* DetectorViewController.swift in Sources */ = {isa = PBXBuildFile; fileRef = 14FE778426B0920800216D50 /* DetectorViewController.swift */; };
		14FE778C26B0943C00216D50 /* CaptureSession.swift in Sources */ = {isa = PBXBuildFile; fileRef = 14FE778B26B0943C00216D50 /* CaptureSession.swift */; };
		14FE779126B097D900216D50 /* VideoCaptureInput.swift in Sources */ = {isa = PBXBuildFile; fileRef = 14FE779026B097D900216D50 /* VideoCaptureInput.swift */; };
/* End PBXBuildFile section */

/* Begin PBXFileReference section */
		14FE776426B090A500216D50 /* ObjectDetector.app */ = {isa = PBXFileReference; explicitFileType = wrapper.application; includeInIndex = 0; path = ObjectDetector.app; sourceTree = BUILT_PRODUCTS_DIR; };
		14FE776726B090A500216D50 /* AppDelegate.swift */ = {isa = PBXFileReference; lastKnownFileType = sourcecode.swift; path = AppDelegate.swift; sourceTree = "<group>"; };
		14FE776926B090A500216D50 /* SceneDelegate.swift */ = {isa = PBXFileReference; lastKnownFileType = sourcecode.swift; path = SceneDelegate.swift; sourceTree = "<group>"; };
		14FE776E26B090A500216D50 /* Base */ = {isa = PBXFileReference; lastKnownFileType = file.storyboard; name = Base; path = Base.lproj/Main.storyboard; sourceTree = "<group>"; };
		14FE777026B090A900216D50 /* Assets.xcassets */ = {isa = PBXFileReference; lastKnownFileType = folder.assetcatalog; path = Assets.xcassets; sourceTree = "<group>"; };
		14FE777326B090A900216D50 /* Base */ = {isa = PBXFileReference; lastKnownFileType = file.storyboard; name = Base; path = Base.lproj/LaunchScreen.storyboard; sourceTree = "<group>"; };
		14FE777526B090A900216D50 /* Info.plist */ = {isa = PBXFileReference; lastKnownFileType = text.plist.xml; path = Info.plist; sourceTree = "<group>"; };
		14FE778426B0920800216D50 /* DetectorViewController.swift */ = {isa = PBXFileReference; lastKnownFileType = sourcecode.swift; path = DetectorViewController.swift; sourceTree = "<group>"; };
		14FE778B26B0943C00216D50 /* CaptureSession.swift */ = {isa = PBXFileReference; lastKnownFileType = sourcecode.swift; path = CaptureSession.swift; sourceTree = "<group>"; };
		14FE779026B097D900216D50 /* VideoCaptureInput.swift */ = {isa = PBXFileReference; lastKnownFileType = sourcecode.swift; path = VideoCaptureInput.swift; sourceTree = "<group>"; };
/* End PBXFileReference section */

/* Begin PBXFrameworksBuildPhase section */
		14FE776126B090A500216D50 /* Frameworks */ = {
			isa = PBXFrameworksBuildPhase;
			buildActionMask = 2147483647;
			files = (
			);
			runOnlyForDeploymentPostprocessing = 0;
		};
/* End PBXFrameworksBuildPhase section */

/* Begin PBXGroup section */
		14FE775B26B090A500216D50 = {
			isa = PBXGroup;
			children = (
				14FE776626B090A500216D50 /* ObjectDetector */,
				14FE776526B090A500216D50 /* Products */,
			);
			sourceTree = "<group>";
		};
		14FE776526B090A500216D50 /* Products */ = {
			isa = PBXGroup;
			children = (
				14FE776426B090A500216D50 /* ObjectDetector.app */,
			);
			name = Products;
			sourceTree = "<group>";
		};
		14FE776626B090A500216D50 /* ObjectDetector */ = {
			isa = PBXGroup;
			children = (
				14FE778726B0926E00216D50 /* Core */,
				14FE777C26B0911000216D50 /* Modules */,
				14FE777D26B0911A00216D50 /* Resources */,
			);
			path = ObjectDetector;
			sourceTree = "<group>";
		};
		14FE777C26B0911000216D50 /* Modules */ = {
			isa = PBXGroup;
			children = (
				14FE777E26B0912D00216D50 /* Root */,
				14FE778026B0915700216D50 /* Launch */,
				14FE778126B0916A00216D50 /* Main */,
			);
			path = Modules;
			sourceTree = "<group>";
		};
		14FE777D26B0911A00216D50 /* Resources */ = {
			isa = PBXGroup;
			children = (
				14FE777026B090A900216D50 /* Assets.xcassets */,
				14FE777526B090A900216D50 /* Info.plist */,
			);
			path = Resources;
			sourceTree = "<group>";
		};
		14FE777E26B0912D00216D50 /* Root */ = {
			isa = PBXGroup;
			children = (
				14FE776726B090A500216D50 /* AppDelegate.swift */,
				14FE776926B090A500216D50 /* SceneDelegate.swift */,
			);
			path = Root;
			sourceTree = "<group>";
		};
		14FE778026B0915700216D50 /* Launch */ = {
			isa = PBXGroup;
			children = (
				14FE777226B090A900216D50 /* LaunchScreen.storyboard */,
			);
			path = Launch;
			sourceTree = "<group>";
		};
		14FE778126B0916A00216D50 /* Main */ = {
			isa = PBXGroup;
			children = (
				14FE776D26B090A500216D50 /* Main.storyboard */,
				14FE778426B0920800216D50 /* DetectorViewController.swift */,
			);
			path = Main;
			sourceTree = "<group>";
		};
		14FE778726B0926E00216D50 /* Core */ = {
			isa = PBXGroup;
			children = (
				14FE778826B0927D00216D50 /* Services */,
			);
			path = Core;
			sourceTree = "<group>";
		};
		14FE778826B0927D00216D50 /* Services */ = {
			isa = PBXGroup;
			children = (
				14FE778E26B097B000216D50 /* CaptureSession */,
			);
			path = Services;
			sourceTree = "<group>";
		};
		14FE778E26B097B000216D50 /* CaptureSession */ = {
			isa = PBXGroup;
			children = (
				14FE778F26B097BF00216D50 /* CaptureInputs */,
				14FE778B26B0943C00216D50 /* CaptureSession.swift */,
			);
			path = CaptureSession;
			sourceTree = "<group>";
		};
		14FE778F26B097BF00216D50 /* CaptureInputs */ = {
			isa = PBXGroup;
			children = (
				14FE779026B097D900216D50 /* VideoCaptureInput.swift */,
			);
			path = CaptureInputs;
			sourceTree = "<group>";
		};
/* End PBXGroup section */

/* Begin PBXNativeTarget section */
		14FE776326B090A500216D50 /* ObjectDetector */ = {
			isa = PBXNativeTarget;
			buildConfigurationList = 14FE777826B090A900216D50 /* Build configuration list for PBXNativeTarget "ObjectDetector" */;
			buildPhases = (
				14FE776026B090A500216D50 /* Sources */,
				14FE776126B090A500216D50 /* Frameworks */,
				14FE776226B090A500216D50 /* Resources */,
			);
			buildRules = (
			);
			dependencies = (
			);
			name = ObjectDetector;
			productName = ObjectDetector;
			productReference = 14FE776426B090A500216D50 /* ObjectDetector.app */;
			productType = "com.apple.product-type.application";
		};
/* End PBXNativeTarget section */

/* Begin PBXProject section */
		14FE775C26B090A500216D50 /* Project object */ = {
			isa = PBXProject;
			attributes = {
				LastSwiftUpdateCheck = 1240;
				LastUpgradeCheck = 1240;
				TargetAttributes = {
					14FE776326B090A500216D50 = {
						CreatedOnToolsVersion = 12.4;
					};
				};
			};
			buildConfigurationList = 14FE775F26B090A500216D50 /* Build configuration list for PBXProject "ObjectDetector" */;
			compatibilityVersion = "Xcode 9.3";
			developmentRegion = en;
			hasScannedForEncodings = 0;
			knownRegions = (
				en,
				Base,
			);
			mainGroup = 14FE775B26B090A500216D50;
			productRefGroup = 14FE776526B090A500216D50 /* Products */;
			projectDirPath = "";
			projectRoot = "";
			targets = (
				14FE776326B090A500216D50 /* ObjectDetector */,
			);
		};
/* End PBXProject section */

/* Begin PBXResourcesBuildPhase section */
		14FE776226B090A500216D50 /* Resources */ = {
			isa = PBXResourcesBuildPhase;
			buildActionMask = 2147483647;
			files = (
				14FE777426B090A900216D50 /* LaunchScreen.storyboard in Resources */,
				14FE777126B090A900216D50 /* Assets.xcassets in Resources */,
				14FE776F26B090A500216D50 /* Main.storyboard in Resources */,
			);
			runOnlyForDeploymentPostprocessing = 0;
		};
/* End PBXResourcesBuildPhase section */

/* Begin PBXSourcesBuildPhase section */
		14FE776026B090A500216D50 /* Sources */ = {
			isa = PBXSourcesBuildPhase;
			buildActionMask = 2147483647;
			files = (
				14FE776826B090A500216D50 /* AppDelegate.swift in Sources */,
				14FE779126B097D900216D50 /* VideoCaptureInput.swift in Sources */,
				14FE776A26B090A500216D50 /* SceneDelegate.swift in Sources */,
				14FE778526B0920800216D50 /* DetectorViewController.swift in Sources */,
				14FE778C26B0943C00216D50 /* CaptureSession.swift in Sources */,
			);
			runOnlyForDeploymentPostprocessing = 0;
		};
/* End PBXSourcesBuildPhase section */

/* Begin PBXVariantGroup section */
		14FE776D26B090A500216D50 /* Main.storyboard */ = {
			isa = PBXVariantGroup;
			children = (
				14FE776E26B090A500216D50 /* Base */,
			);
			name = Main.storyboard;
			sourceTree = "<group>";
		};
		14FE777226B090A900216D50 /* LaunchScreen.storyboard */ = {
			isa = PBXVariantGroup;
			children = (
				14FE777326B090A900216D50 /* Base */,
			);
			name = LaunchScreen.storyboard;
			sourceTree = "<group>";
		};
/* End PBXVariantGroup section */

/* Begin XCBuildConfiguration section */
		14FE777626B090A900216D50 /* Debug */ = {
			isa = XCBuildConfiguration;
			buildSettings = {
				ALWAYS_SEARCH_USER_PATHS = NO;
				CLANG_ANALYZER_NONNULL = YES;
				CLANG_ANALYZER_NUMBER_OBJECT_CONVERSION = YES_AGGRESSIVE;
				CLANG_CXX_LANGUAGE_STANDARD = "gnu++14";
				CLANG_CXX_LIBRARY = "libc++";
				CLANG_ENABLE_MODULES = YES;
				CLANG_ENABLE_OBJC_ARC = YES;
				CLANG_ENABLE_OBJC_WEAK = YES;
				CLANG_WARN_BLOCK_CAPTURE_AUTORELEASING = YES;
				CLANG_WARN_BOOL_CONVERSION = YES;
				CLANG_WARN_COMMA = YES;
				CLANG_WARN_CONSTANT_CONVERSION = YES;
				CLANG_WARN_DEPRECATED_OBJC_IMPLEMENTATIONS = YES;
				CLANG_WARN_DIRECT_OBJC_ISA_USAGE = YES_ERROR;
				CLANG_WARN_DOCUMENTATION_COMMENTS = YES;
				CLANG_WARN_EMPTY_BODY = YES;
				CLANG_WARN_ENUM_CONVERSION = YES;
				CLANG_WARN_INFINITE_RECURSION = YES;
				CLANG_WARN_INT_CONVERSION = YES;
				CLANG_WARN_NON_LITERAL_NULL_CONVERSION = YES;
				CLANG_WARN_OBJC_IMPLICIT_RETAIN_SELF = YES;
				CLANG_WARN_OBJC_LITERAL_CONVERSION = YES;
				CLANG_WARN_OBJC_ROOT_CLASS = YES_ERROR;
				CLANG_WARN_QUOTED_INCLUDE_IN_FRAMEWORK_HEADER = YES;
				CLANG_WARN_RANGE_LOOP_ANALYSIS = YES;
				CLANG_WARN_STRICT_PROTOTYPES = YES;
				CLANG_WARN_SUSPICIOUS_MOVE = YES;
				CLANG_WARN_UNGUARDED_AVAILABILITY = YES_AGGRESSIVE;
				CLANG_WARN_UNREACHABLE_CODE = YES;
				CLANG_WARN__DUPLICATE_METHOD_MATCH = YES;
				COPY_PHASE_STRIP = NO;
				DEBUG_INFORMATION_FORMAT = dwarf;
				ENABLE_STRICT_OBJC_MSGSEND = YES;
				ENABLE_TESTABILITY = YES;
				GCC_C_LANGUAGE_STANDARD = gnu11;
				GCC_DYNAMIC_NO_PIC = NO;
				GCC_NO_COMMON_BLOCKS = YES;
				GCC_OPTIMIZATION_LEVEL = 0;
				GCC_PREPROCESSOR_DEFINITIONS = (
					"DEBUG=1",
					"$(inherited)",
				);
				GCC_WARN_64_TO_32_BIT_CONVERSION = YES;
				GCC_WARN_ABOUT_RETURN_TYPE = YES_ERROR;
				GCC_WARN_UNDECLARED_SELECTOR = YES;
				GCC_WARN_UNINITIALIZED_AUTOS = YES_AGGRESSIVE;
				GCC_WARN_UNUSED_FUNCTION = YES;
				GCC_WARN_UNUSED_VARIABLE = YES;
				IPHONEOS_DEPLOYMENT_TARGET = 14.4;
				MTL_ENABLE_DEBUG_INFO = INCLUDE_SOURCE;
				MTL_FAST_MATH = YES;
				ONLY_ACTIVE_ARCH = YES;
				SDKROOT = iphoneos;
				SWIFT_ACTIVE_COMPILATION_CONDITIONS = DEBUG;
				SWIFT_OPTIMIZATION_LEVEL = "-Onone";
			};
			name = Debug;
		};
		14FE777726B090A900216D50 /* Release */ = {
			isa = XCBuildConfiguration;
			buildSettings = {
				ALWAYS_SEARCH_USER_PATHS = NO;
				CLANG_ANALYZER_NONNULL = YES;
				CLANG_ANALYZER_NUMBER_OBJECT_CONVERSION = YES_AGGRESSIVE;
				CLANG_CXX_LANGUAGE_STANDARD = "gnu++14";
				CLANG_CXX_LIBRARY = "libc++";
				CLANG_ENABLE_MODULES = YES;
				CLANG_ENABLE_OBJC_ARC = YES;
				CLANG_ENABLE_OBJC_WEAK = YES;
				CLANG_WARN_BLOCK_CAPTURE_AUTORELEASING = YES;
				CLANG_WARN_BOOL_CONVERSION = YES;
				CLANG_WARN_COMMA = YES;
				CLANG_WARN_CONSTANT_CONVERSION = YES;
				CLANG_WARN_DEPRECATED_OBJC_IMPLEMENTATIONS = YES;
				CLANG_WARN_DIRECT_OBJC_ISA_USAGE = YES_ERROR;
				CLANG_WARN_DOCUMENTATION_COMMENTS = YES;
				CLANG_WARN_EMPTY_BODY = YES;
				CLANG_WARN_ENUM_CONVERSION = YES;
				CLANG_WARN_INFINITE_RECURSION = YES;
				CLANG_WARN_INT_CONVERSION = YES;
				CLANG_WARN_NON_LITERAL_NULL_CONVERSION = YES;
				CLANG_WARN_OBJC_IMPLICIT_RETAIN_SELF = YES;
				CLANG_WARN_OBJC_LITERAL_CONVERSION = YES;
				CLANG_WARN_OBJC_ROOT_CLASS = YES_ERROR;
				CLANG_WARN_QUOTED_INCLUDE_IN_FRAMEWORK_HEADER = YES;
				CLANG_WARN_RANGE_LOOP_ANALYSIS = YES;
				CLANG_WARN_STRICT_PROTOTYPES = YES;
				CLANG_WARN_SUSPICIOUS_MOVE = YES;
				CLANG_WARN_UNGUARDED_AVAILABILITY = YES_AGGRESSIVE;
				CLANG_WARN_UNREACHABLE_CODE = YES;
				CLANG_WARN__DUPLICATE_METHOD_MATCH = YES;
				COPY_PHASE_STRIP = NO;
				DEBUG_INFORMATION_FORMAT = "dwarf-with-dsym";
				ENABLE_NS_ASSERTIONS = NO;
				ENABLE_STRICT_OBJC_MSGSEND = YES;
				GCC_C_LANGUAGE_STANDARD = gnu11;
				GCC_NO_COMMON_BLOCKS = YES;
				GCC_WARN_64_TO_32_BIT_CONVERSION = YES;
				GCC_WARN_ABOUT_RETURN_TYPE = YES_ERROR;
				GCC_WARN_UNDECLARED_SELECTOR = YES;
				GCC_WARN_UNINITIALIZED_AUTOS = YES_AGGRESSIVE;
				GCC_WARN_UNUSED_FUNCTION = YES;
				GCC_WARN_UNUSED_VARIABLE = YES;
				IPHONEOS_DEPLOYMENT_TARGET = 14.4;
				MTL_ENABLE_DEBUG_INFO = NO;
				MTL_FAST_MATH = YES;
				SDKROOT = iphoneos;
				SWIFT_COMPILATION_MODE = wholemodule;
				SWIFT_OPTIMIZATION_LEVEL = "-O";
				VALIDATE_PRODUCT = YES;
			};
			name = Release;
		};
		14FE777926B090A900216D50 /* Debug */ = {
			isa = XCBuildConfiguration;
			buildSettings = {
				ASSETCATALOG_COMPILER_APPICON_NAME = AppIcon;
				ASSETCATALOG_COMPILER_GLOBAL_ACCENT_COLOR_NAME = AccentColor;
				CODE_SIGN_STYLE = Automatic;
				DEVELOPMENT_TEAM = 2HS7MB89MW;
				INFOPLIST_FILE = ObjectDetector/Resources/Info.plist;
				IPHONEOS_DEPLOYMENT_TARGET = 13.0;
				LD_RUNPATH_SEARCH_PATHS = (
					"$(inherited)",
					"@executable_path/Frameworks",
				);
				PRODUCT_BUNDLE_IDENTIFIER = NLizogubov.ObjectDetector;
				PRODUCT_NAME = "$(TARGET_NAME)";
				SWIFT_VERSION = 5.0;
				TARGETED_DEVICE_FAMILY = "1,2";
			};
			name = Debug;
		};
		14FE777A26B090A900216D50 /* Release */ = {
			isa = XCBuildConfiguration;
			buildSettings = {
				ASSETCATALOG_COMPILER_APPICON_NAME = AppIcon;
				ASSETCATALOG_COMPILER_GLOBAL_ACCENT_COLOR_NAME = AccentColor;
				CODE_SIGN_STYLE = Automatic;
				DEVELOPMENT_TEAM = 2HS7MB89MW;
				INFOPLIST_FILE = ObjectDetector/Resources/Info.plist;
				IPHONEOS_DEPLOYMENT_TARGET = 13.0;
				LD_RUNPATH_SEARCH_PATHS = (
					"$(inherited)",
					"@executable_path/Frameworks",
				);
				PRODUCT_BUNDLE_IDENTIFIER = NLizogubov.ObjectDetector;
				PRODUCT_NAME = "$(TARGET_NAME)";
				SWIFT_VERSION = 5.0;
				TARGETED_DEVICE_FAMILY = "1,2";
			};
			name = Release;
		};
/* End XCBuildConfiguration section */

/* Begin XCConfigurationList section */
		14FE775F26B090A500216D50 /* Build configuration list for PBXProject "ObjectDetector" */ = {
			isa = XCConfigurationList;
			buildConfigurations = (
				14FE777626B090A900216D50 /* Debug */,
				14FE777726B090A900216D50 /* Release */,
			);
			defaultConfigurationIsVisible = 0;
			defaultConfigurationName = Release;
		};
		14FE777826B090A900216D50 /* Build configuration list for PBXNativeTarget "ObjectDetector" */ = {
			isa = XCConfigurationList;
			buildConfigurations = (
				14FE777926B090A900216D50 /* Debug */,
				14FE777A26B090A900216D50 /* Release */,
			);
			defaultConfigurationIsVisible = 0;
			defaultConfigurationName = Release;
		};
/* End XCConfigurationList section */
	};
	rootObject = 14FE775C26B090A500216D50 /* Project object */;
}
